{
  "name": "examples",
  "version": "1.0.0",
  "lockfileVersion": 3,
  "requires": true,
  "packages": {
    "": {
      "name": "examples",
      "version": "1.0.0",
      "license": "MIT",
      "dependencies": {
        "multiprocess-pool": "^1.3.0"
      }
    },
    "node_modules/multiprocess-pool": {
      "version": "1.3.0",
      "resolved": "https://registry.npmjs.org/multiprocess-pool/-/multiprocess-pool-1.3.0.tgz",
      "integrity": "sha512-xjPgmyxyv+uGBpw0zVD85vG5kR02kwjQ9XuKs3Q05juVmrSgqv8rBurqcrJgvAaac+JtWU/KJUt4/oIHvyEBQw=="
    }
  }
}
